{
  "name": "eip-pipes-filters",
  "version": "0.0.1",
  "lockfileVersion": 3,
  "requires": true,
  "packages": {
    "": {
      "name": "eip-pipes-filters",
      "version": "0.0.1",
      "license": "ISC",
      "dependencies": {
        "accesscontrol": "^2.2.1",
        "figlet": "^1.5.2",
        "kafkajs": "^2.2.4",
        "rxjs": "^7.8.0"
      }
    },
    "node_modules/accesscontrol": {
      "version": "2.2.1",
      "resolved": "https://registry.npmjs.org/accesscontrol/-/accesscontrol-2.2.1.tgz",
      "integrity": "sha512-52EvFk/J9EF+w4mYQoKnOTkEMj01R1U5n2fc1dai6x1xkgOks3DGkx01qQL2cKFxGmE4Tn1krAU3jJA9L1NMkg==",
      "dependencies": {
        "notation": "^1.3.6"
      }
    },
    "node_modules/figlet": {
      "version": "1.5.2",
      "resolved": "https://registry.npmjs.org/figlet/-/figlet-1.5.2.tgz",
      "integrity": "sha512-WOn21V8AhyE1QqVfPIVxe3tupJacq1xGkPTB4iagT6o+P2cAgEOOwIxMftr4+ZCTI6d551ij9j61DFr0nsP2uQ==",
      "engines": {
        "node": ">= 0.4.0"
      }
    },
    "node_modules/kafkajs": {
      "version": "2.2.4",
      "resolved": "https://registry.npmjs.org/kafkajs/-/kafkajs-2.2.4.tgz",
      "integrity": "sha512-j/YeapB1vfPT2iOIUn/vxdyKEuhuY2PxMBvf5JWux6iSaukAccrMtXEY/Lb7OvavDhOWME589bpLrEdnVHjfjA==",
      "engines": {
        "node": ">=14.0.0"
      }
    },
    "node_modules/notation": {
      "version": "1.3.6",
      "resolved": "https://registry.npmjs.org/notation/-/notation-1.3.6.tgz",
      "integrity": "sha512-DIuJmrP/Gg1DcXKaApsqcjsJD6jEccqKSfmU3BUx/f1GHsMiTJh70cERwYc64tOmTRTARCeMwkqNNzjh3AHhiw=="
    },
    "node_modules/rxjs": {
      "version": "7.8.0",
      "resolved": "https://registry.npmjs.org/rxjs/-/rxjs-7.8.0.tgz",
      "integrity": "sha512-F2+gxDshqmIub1KdvZkaEfGDwLNpPvk9Fs6LD/MyQxNgMds/WH9OdDDXOmxUZpME+iSK3rQCctkL0DYyytUqMg==",
      "dependencies": {
        "tslib": "^2.1.0"
      }
    },
    "node_modules/tslib": {
      "version": "2.5.0",
      "resolved": "https://registry.npmjs.org/tslib/-/tslib-2.5.0.tgz",
      "integrity": "sha512-336iVw3rtn2BUK7ORdIAHTyxHGRIHVReokCR3XjbckJMK7ms8FysBfhLR8IXnAgy7T0PTPNBWKiH514FOW/WSg=="
    }
  }
}
